PODS:
  - AsyncSwift (1.7.4)
  - EasyAnimation (0.6.2)
  - SDWebImage (3.7.2):
    - SDWebImage/Core (= 3.7.2)
  - SDWebImage/Core (3.7.2)
  - Timepiece (0.3.3)

DEPENDENCIES:
  - AsyncSwift (~> 1.7.4)
  - EasyAnimation
  - SDWebImage
  - Timepiece

SPEC CHECKSUMS:
  AsyncSwift: cecffe40af6e09558ed25dd71fabf04836b5eaf4
  EasyAnimation: 2b80c59c4d7d019fdd32d7ff5d5161356746ef15
  SDWebImage: 71b7cdc1d1721d6a82ed62889030225f2c249e29
  Timepiece: 30ef04f74337fcb1bef2ff91cfe964184d894d12

PODFILE CHECKSUM: e050e94390bb736b173bda16086e7131c462c22f

COCOAPODS: 1.1.1
