PODS:
  - Async (1.2.1)
  - Keys (1.0.0)
  - Realm (0.93.1):
    - Realm/Headers (= 0.93.1)
  - Realm/Headers (0.93.1)
  - RealmSwift (0.93.1):
    - Realm (= 0.93.1)
  - SDWebImage (3.7.2):
    - SDWebImage/Core (= 3.7.2)
  - SDWebImage/Core (3.7.2)
  - Timepiece (0.3.3)

DEPENDENCIES:
  - Async (from `https://github.com/duemunk/Async.git`)
  - Keys (from `Pods/CocoaPodsKeys/`)
  - RealmSwift
  - SDWebImage
  - Timepiece

EXTERNAL SOURCES:
  Async:
    :git: https://github.com/duemunk/Async.git
  Keys:
    :path: Pods/CocoaPodsKeys/

CHECKOUT OPTIONS:
  Async:
    :commit: 7536a4d8059be119fd4a4550d674996f8a1cdd54
    :git: https://github.com/duemunk/Async.git

SPEC CHECKSUMS:
  Async: d9ee6fc9c415d44fcb892f4c289d1e79ce8ae92d
  Keys: 7d2ff6ff42f6903358267ce56e9392f83c31acfe
  Realm: 694b93846a0772c904f9e0cc3559d1bc856d931e
  RealmSwift: feeac2930716d9a04ba45637add4abe994fa05fd
  SDWebImage: 71b7cdc1d1721d6a82ed62889030225f2c249e29
  Timepiece: 30ef04f74337fcb1bef2ff91cfe964184d894d12

COCOAPODS: 0.37.2
